schema: '2.0'
stages:
  data_ingestion:
    cmd: python src/data_ingestion.py
    deps:
    - path: src/data_ingestion.py
      hash: md5
      md5: 8d87cbca4348fc00fcf2c92a359fb7d4
      size: 3639
    params:
      params.yaml:
        data_ingestion.test_size: 0.2
    outs:
    - path: data/raw
      hash: md5
      md5: 1a287d34dc172d9f950c03dae35f7e73.dir
      size: 484846
      nfiles: 2
  data_preprocessing:
    cmd: python src/data_preprocessing.py
    deps:
    - path: data/raw
      hash: md5
      md5: 1a287d34dc172d9f950c03dae35f7e73.dir
      size: 484846
      nfiles: 2
    - path: src/data_preprocessing.py
      hash: md5
      md5: 3ed8eb6ac738e004613c388132bd7455
      size: 4062
    outs:
    - path: data/interim
      hash: md5
      md5: d99be5cb2b019d747166f90739fa6d08.dir
      size: 260073
      nfiles: 2
  feature_engineering:
    cmd: python src/feature_engineering.py
    deps:
    - path: data/interim
      hash: md5
      md5: d99be5cb2b019d747166f90739fa6d08.dir
      size: 260073
      nfiles: 2
    - path: src/feature_engineering.py
      hash: md5
      md5: f01b85e0ed5433efb3bb69bc3b70bff2
      size: 3798
    params:
      params.yaml:
        feature_engineering.max_features: 10
    outs:
    - path: data/processed
      hash: md5
      md5: 9f166d424e185fbbcb5175c3ef1f6e8d.dir
      size: 246810
      nfiles: 2
  model_building:
    cmd: python src/model_building.py
    deps:
    - path: data/processed
      hash: md5
      md5: 9f166d424e185fbbcb5175c3ef1f6e8d.dir
      size: 246810
      nfiles: 2
    - path: src/model_building.py
      hash: md5
      md5: 9540a29d18067cfa0afaed22013ce081
      size: 4455
    params:
      params.yaml:
        model_building.n_estimators: 20
        model_building.random_state: 2
    outs:
    - path: models/model.pkl
      hash: md5
      md5: a2efc3d5fd064b6c27cf8c1669bc1729
      size: 163890
  model_evaluation:
    cmd: python src/model_evaluation.py
    deps:
    - path: models/model.pkl
      hash: md5
      md5: a2efc3d5fd064b6c27cf8c1669bc1729
      size: 163890
    - path: src/model_evaluation.py
      hash: md5
      md5: 4631fa8af2db669db877a87b9a1e2cce
      size: 4729
    outs:
    - path: reports/metrics.json
      hash: md5
      md5: 48c007768c31152108eda217f7fdd27f
      size: 145
